{
  "name": "another",
  "version": "1.0.0",
  "lockfileVersion": 1,
  "requires": true,
  "dependencies": {
    "lodash": {
      "version": "4.17.15",
      "resolved": "https://registry.npmjs.org/lodash/-/lodash-4.17.15.tgz",
      "integrity": "sha512-8xOcRHvCjnocdS5cpwXQXVzmmh5e5+saE2QGoeQmbKmRS6J3VQppPOIt0MnmE+4xlZoumy0GPG0D0MVIQbNA1A=="
    },
    "testabcd1234": {
      "version": "1.0.1",
      "resolved": "https://registry.npmjs.org/testabcd1234/-/testabcd1234-1.0.1.tgz",
      "integrity": "sha512-CqPtJMkvuEfQCzhQo5wRxgfuWhqhFR9qemtEVU8cWOIV5KvQTX/5ZLU17vtFMoGpPD+ZDVP0+UY+O0LNgaWmxg==",
      "requires": {
        "lodash": "^4.17.15"
      }
    }
  }
}
